lockfileVersion: '9.0'

settings:
  autoInstallPeers: true
  excludeLinksFromLockfile: false

importers:

  .:
    dependencies:
      css:
        specifier: github:lonelil/css
        version: https://codeload.github.com/lonelil/css/tar.gz/edc3b1ee8ca3fcb46610c9cebad982ec1365d26b

packages:

  atob@2.1.2:
    resolution: {integrity: sha512-Wm6ukoaOGJi/73p/cl2GvLjTI5JM1k/O14isD73YML8StrH/7/lRFgmg8nICZgD3bZZvjwCGxtMOD3wWNAu8cg==}
    engines: {node: '>= 4.5.0'}
    hasBin: true

  css@https://codeload.github.com/lonelil/css/tar.gz/edc3b1ee8ca3fcb46610c9cebad982ec1365d26b:
    resolution: {tarball: https://codeload.github.com/lonelil/css/tar.gz/edc3b1ee8ca3fcb46610c9cebad982ec1365d26b}
    version: 3.0.0

  decode-uri-component@0.2.2:
    resolution: {integrity: sha512-FqUYQ+8o158GyGTrMFJms9qh3CqTKvAqgqsTnkLI8sKu0028orqBhxNMFkFen0zGyg6epACD32pjVk58ngIErQ==}
    engines: {node: '>=0.10'}

  inherits@2.0.4:
    resolution: {integrity: sha512-k/vGaX4/Yla3WzyMCvTQOXYeIHvqOKtnqBduzTHpzpQZzAskKMhZ2K+EnBiSM9zGSoIFeMpXKxa4dYeZIQqewQ==}

  source-map-resolve@0.6.0:
    resolution: {integrity: sha512-KXBr9d/fO/bWo97NXsPIAW1bFSBOuCnjbNTBMO7N59hsv5i9yzRDfcYwwt0l04+VqnKC+EwzvJZIP/qkuMgR/w==}
    deprecated: See https://github.com/lydell/source-map-resolve#deprecated

  source-map@0.6.1:
    resolution: {integrity: sha512-UjgapumWlbMhkBgzT7Ykc5YXUT46F0iKu8SGXq0bcwP5dz/h0Plj6enJqjz1Zbq2l5WaqYnrVbwWOWMyF3F47g==}
    engines: {node: '>=0.10.0'}

snapshots:

  atob@2.1.2: {}

  css@https://codeload.github.com/lonelil/css/tar.gz/edc3b1ee8ca3fcb46610c9cebad982ec1365d26b:
    dependencies:
      inherits: 2.0.4
      source-map: 0.6.1
      source-map-resolve: 0.6.0

  decode-uri-component@0.2.2: {}

  inherits@2.0.4: {}

  source-map-resolve@0.6.0:
    dependencies:
      atob: 2.1.2
      decode-uri-component: 0.2.2

  source-map@0.6.1: {}
